{
  "pins" : [
    {
      "identity" : "alamofire",
      "kind" : "remoteSourceControl",
      "location" : "https://github.com/Alamofire/Alamofire.git",
      "state" : {
        "revision" : "f96b619bcb2383b43d898402283924b80e2c4bae",
        "version" : "5.4.3"
      }
    },
    {
      "identity" : "jw_library_spm_sample",
      "kind" : "remoteSourceControl",
      "location" : "https://github.com/kimjiwook/JW_Library_SPM_Sample.git",
      "state" : {
        "revision" : "60467e1d8bb45504f5ce878a7a5d5a36614fc81d",
        "version" : "1.1.12"
      }
    },
    {
      "identity" : "snapkit",
      "kind" : "remoteSourceControl",
      "location" : "https://github.com/SnapKit/SnapKit.git",
      "state" : {
        "revision" : "d458564516e5676af9c70b4f4b2a9178294f1bc6",
        "version" : "5.0.1"
      }
    }
  ],
  "version" : 2
}
