{
  "object": {
    "pins": [
      {
        "package": "JWLibrary",
        "repositoryURL": "https://github.com/kimjiwook/JW_Library_SPM_Sample.git",
        "state": {
          "branch": null,
          "revision": "9e9912b31534670f2000ee2dca74f843f2a3ca37",
          "version": "1.1.2"
        }
      }
    ]
  },
  "version": 1
}
